{
  "name": "workshop",
  "version": "1.0.0",
  "lockfileVersion": 1,
  "requires": true,
  "dependencies": {
    "@nlpjs/core": {
      "version": "4.14.0",
      "resolved": "https://registry.npmjs.org/@nlpjs/core/-/core-4.14.0.tgz",
      "integrity": "sha512-hrkMKzqcZMNQbQdC/0MJLk0f62XbUKSUSep5XoLfpAqzTi3yv9ILa1Y888klSwZYIeCha7GzwjWsyFvKm6L7yg=="
    },
    "@nlpjs/lang-en": {
      "version": "4.14.0",
      "resolved": "https://registry.npmjs.org/@nlpjs/lang-en/-/lang-en-4.14.0.tgz",
      "integrity": "sha512-RxXU26hYchO+tPXWItKWceIiEp64S+x++c1elWhtjBACZJXNAAu5MG9pjU+fMIcWfPtBj0UIGOeGdxt0VE8gFQ==",
      "requires": {
        "@nlpjs/core": "^4.14.0",
        "@nlpjs/lang-en-min": "^4.14.0"
      }
    },
    "@nlpjs/lang-en-min": {
      "version": "4.14.0",
      "resolved": "https://registry.npmjs.org/@nlpjs/lang-en-min/-/lang-en-min-4.14.0.tgz",
      "integrity": "sha512-GL0pDLlOeDhfDBN6hTOp2DyGJOuOZ21fJZLv/fMWVpqvlAvWvZCTYTVHkvVwOmKUyaYu27Wt0dopyJNYxwXE9w==",
      "requires": {
        "@nlpjs/core": "^4.14.0"
      }
    }
  }
}
